
Microsoft Visual Studio Solution File, Format Version 12.00
# Visual Studio 15
VisualStudioVersion = 15.0.28307.1082
MinimumVisualStudioVersion = 10.0.40219.1
Project("{FAE04EC0-301F-11D3-BF4B-00C04F79EFBC}") = "ModelsHomeWork", "ModelsHomeWork\ModelsHomeWork.csproj", "{98368C87-2630-474F-92A4-3E3DC13F5BE2}"
EndProject
Global
	GlobalSection(SolutionConfigurationPlatforms) = preSolution
		Debug|Any CPU = Debug|Any CPU
		Release|Any CPU = Release|Any CPU
	EndGlobalSection
	GlobalSection(ProjectConfigurationPlatforms) = postSolution
		{98368C87-2630-474F-92A4-3E3DC13F5BE2}.Debug|Any CPU.ActiveCfg = Debug|Any CPU
		{98368C87-2630-474F-92A4-3E3DC13F5BE2}.Debug|Any CPU.Build.0 = Debug|Any CPU
		{98368C87-2630-474F-92A4-3E3DC13F5BE2}.Release|Any CPU.ActiveCfg = Release|Any CPU
		{98368C87-2630-474F-92A4-3E3DC13F5BE2}.Release|Any CPU.Build.0 = Release|Any CPU
	EndGlobalSection
	GlobalSection(SolutionProperties) = preSolution
		HideSolutionNode = FALSE
	EndGlobalSection
	GlobalSection(ExtensibilityGlobals) = postSolution
		SolutionGuid = {D68E6434-3DF3-4195-8322-B93C4208C85D}
	EndGlobalSection
EndGlobal
